
Microsoft Visual Studio Solution File, Format Version 12.00
# Visual Studio Version 17
VisualStudioVersion = 17.14.37614.0 d17.14
MinimumVisualStudioVersion = 10.0.40219.1
Project("{F184B08F-C81C-45F6-A57F-5ABD9991F28F}") = "Proyecto_Final_2026_G1", "Proyecto_Final_2026_G1.vbproj", "{1B242B2F-3CBC-43AC-8217-9E025B9F78CD}"
EndProject
Global
	GlobalSection(SolutionConfigurationPlatforms) = preSolution
		Debug|Any CPU = Debug|Any CPU
		Release|Any CPU = Release|Any CPU
	EndGlobalSection
	GlobalSection(ProjectConfigurationPlatforms) = postSolution
		{1B242B2F-3CBC-43AC-8217-9E025B9F78CD}.Debug|Any CPU.ActiveCfg = Debug|Any CPU
		{1B242B2F-3CBC-43AC-8217-9E025B9F78CD}.Debug|Any CPU.Build.0 = Debug|Any CPU
		{1B242B2F-3CBC-43AC-8217-9E025B9F78CD}.Release|Any CPU.ActiveCfg = Release|Any CPU
		{1B242B2F-3CBC-43AC-8217-9E025B9F78CD}.Release|Any CPU.Build.0 = Release|Any CPU
	EndGlobalSection
	GlobalSection(SolutionProperties) = preSolution
		HideSolutionNode = FALSE
	EndGlobalSection
	GlobalSection(ExtensibilityGlobals) = postSolution
		SolutionGuid = {8435C16D-7732-4CED-8C49-5B978F86FBB3}
	EndGlobalSection
EndGlobal
